Microsoft Visual Studio Solution File, Format Version 11.00
# Visual Studio 2008

Project("{6307605E-9F80-A373-64CB-8F4F3DC9C814}") = "playertanktesting", "Assembly-CSharp-firstpass.csproj", "{97B96296-3856-4387-904E-B249A952A430}"
EndProject
Project("{6307605E-9F80-A373-64CB-8F4F3DC9C814}") = "playertanktesting", "Assembly-CSharp.csproj", "{9F347FE6-EA5D-4023-19F9-720104DA5179}"
EndProject
Project("{6307605E-9F80-A373-64CB-8F4F3DC9C814}") = "playertanktesting", "Assembly-CSharp-Editor.csproj", "{2A40588E-D43C-4DF5-A86F-BADB2A07302F}"
EndProject
Global
	GlobalSection(SolutionConfigurationPlatforms) = preSolution
		Debug|Any CPU = Debug|Any CPU
		Release|Any CPU = Release|Any CPU
	EndGlobalSection
	GlobalSection(ProjectConfigurationPlatforms) = postSolution
		{97B96296-3856-4387-904E-B249A952A430}.Debug|Any CPU.ActiveCfg = Debug|Any CPU
		{97B96296-3856-4387-904E-B249A952A430}.Debug|Any CPU.Build.0 = Debug|Any CPU
		{97B96296-3856-4387-904E-B249A952A430}.Release|Any CPU.ActiveCfg = Release|Any CPU
		{97B96296-3856-4387-904E-B249A952A430}.Release|Any CPU.Build.0 = Release|Any CPU
		{9F347FE6-EA5D-4023-19F9-720104DA5179}.Debug|Any CPU.ActiveCfg = Debug|Any CPU
		{9F347FE6-EA5D-4023-19F9-720104DA5179}.Debug|Any CPU.Build.0 = Debug|Any CPU
		{9F347FE6-EA5D-4023-19F9-720104DA5179}.Release|Any CPU.ActiveCfg = Release|Any CPU
		{9F347FE6-EA5D-4023-19F9-720104DA5179}.Release|Any CPU.Build.0 = Release|Any CPU
		{2A40588E-D43C-4DF5-A86F-BADB2A07302F}.Debug|Any CPU.ActiveCfg = Debug|Any CPU
		{2A40588E-D43C-4DF5-A86F-BADB2A07302F}.Debug|Any CPU.Build.0 = Debug|Any CPU
		{2A40588E-D43C-4DF5-A86F-BADB2A07302F}.Release|Any CPU.ActiveCfg = Release|Any CPU
		{2A40588E-D43C-4DF5-A86F-BADB2A07302F}.Release|Any CPU.Build.0 = Release|Any CPU
	EndGlobalSection
	GlobalSection(SolutionProperties) = preSolution
		HideSolutionNode = FALSE
	EndGlobalSection
	GlobalSection(MonoDevelopProperties) = preSolution
		StartupItem = Assembly-CSharp.csproj
	EndGlobalSection
EndGlobal
