
Microsoft Visual Studio Solution File, Format Version 12.00
# Visual Studio 2015
Project("{FAE04EC0-301F-11D3-BF4B-00C04F79EFBC}") = "playertanktesting.CSharp.Plugins", "playertanktesting.CSharp.Plugins.csproj", "{E5810D45-8B99-DA09-9A42-80D87475812E}"
EndProject
Project("{FAE04EC0-301F-11D3-BF4B-00C04F79EFBC}") = "playertanktesting.CSharp", "playertanktesting.CSharp.csproj", "{F923F7E7-E229-88D3-BC72-DD6C832FC0CD}"
EndProject
Project("{FAE04EC0-301F-11D3-BF4B-00C04F79EFBC}") = "playertanktesting.CSharp.Editor", "playertanktesting.CSharp.Editor.csproj", "{43A025D0-B059-36A2-6445-1DE722C86AB4}"
EndProject
Global
	GlobalSection(SolutionConfigurationPlatforms) = preSolution
		Debug|Any CPU = Debug|Any CPU
		Release|Any CPU = Release|Any CPU
	EndGlobalSection
	GlobalSection(ProjectConfigurationPlatforms) = postSolution
		{E5810D45-8B99-DA09-9A42-80D87475812E}.Debug|Any CPU.ActiveCfg = Debug|Any CPU
		{E5810D45-8B99-DA09-9A42-80D87475812E}.Debug|Any CPU.Build.0 = Debug|Any CPU
		{E5810D45-8B99-DA09-9A42-80D87475812E}.Release|Any CPU.ActiveCfg = Release|Any CPU
		{E5810D45-8B99-DA09-9A42-80D87475812E}.Release|Any CPU.Build.0 = Release|Any CPU
		{F923F7E7-E229-88D3-BC72-DD6C832FC0CD}.Debug|Any CPU.ActiveCfg = Debug|Any CPU
		{F923F7E7-E229-88D3-BC72-DD6C832FC0CD}.Debug|Any CPU.Build.0 = Debug|Any CPU
		{F923F7E7-E229-88D3-BC72-DD6C832FC0CD}.Release|Any CPU.ActiveCfg = Release|Any CPU
		{F923F7E7-E229-88D3-BC72-DD6C832FC0CD}.Release|Any CPU.Build.0 = Release|Any CPU
		{43A025D0-B059-36A2-6445-1DE722C86AB4}.Debug|Any CPU.ActiveCfg = Debug|Any CPU
		{43A025D0-B059-36A2-6445-1DE722C86AB4}.Debug|Any CPU.Build.0 = Debug|Any CPU
		{43A025D0-B059-36A2-6445-1DE722C86AB4}.Release|Any CPU.ActiveCfg = Release|Any CPU
		{43A025D0-B059-36A2-6445-1DE722C86AB4}.Release|Any CPU.Build.0 = Release|Any CPU
	EndGlobalSection
	GlobalSection(SolutionProperties) = preSolution
		HideSolutionNode = FALSE
	EndGlobalSection
EndGlobal
